# THIS IS AN AUTOGENERATED FILE. DO NOT EDIT THIS FILE DIRECTLY.
# yarn lockfile v1


"@types/node@12":
  version "12.19.7"
  resolved "https://registry.yarnpkg.com/@types/node/-/node-12.19.7.tgz#cf8b6ac088dd9182ac9a1d765f787a8d12490c04"
  integrity sha512-zvjOU1g4CpPilbTDUATnZCUb/6lARMRAqzT7ILwl1P3YvU2leEcZ2+fw9+Jrw/paXB1CgQyXTrN4hWDtqT9O2A==

typescript@^4.1.2:
  version "4.1.2"
  resolved "https://registry.yarnpkg.com/typescript/-/typescript-4.1.2.tgz#6369ef22516fe5e10304aae5a5c4862db55380e9"
  integrity sha512-thGloWsGH3SOxv1SoY7QojKi0tc+8FnOmiarEGMbd/lar7QOEd3hvlx3Fp5y6FlDUGl9L+pd4n2e+oToGMmhRQ==
